<Solution>
  <Project Path="GyeNyame.Core.csproj" />
  <Project Path="Assembly-CSharp.csproj" />
  <Project Path="GyeNyame.Entities.csproj" />
  <Project Path="GyeNyame.Enemy.csproj" />
  <Project Path="GyeNyame.Combat.csproj" />
  <Project Path="GyeNyame.Player.Combat.csproj" />
  <Project Path="GyeNyame.Player.Input.csproj" />
  <Project Path="GyeNyame.InputSystem.csproj" />
  <Project Path="GyeNyame.Player.Movement.csproj" />
  <Project Path="GyeNyame.Physics.csproj" />
</Solution>
